{
  "requires": true,
  "lockfileVersion": 1,
  "dependencies": {
    "babel-polyfill": {
      "version": "6.26.0",
      "resolved": "https://repo.adeo.no/repository/npm-public/babel-polyfill/-/babel-polyfill-6.26.0.tgz",
      "integrity": "sha1-N5k3q8Z9eJWXCtxiHyhM2WbPIVM=",
      "requires": {
        "babel-runtime": "6.26.0",
        "core-js": "2.5.7",
        "regenerator-runtime": "0.10.5"
      }
    },
    "babel-runtime": {
      "version": "6.26.0",
      "resolved": "https://repo.adeo.no/repository/npm-public/babel-runtime/-/babel-runtime-6.26.0.tgz",
      "integrity": "sha1-llxwWGaOgrVde/4E/yM3vItWR/4=",
      "requires": {
        "core-js": "2.5.7",
        "regenerator-runtime": "0.11.1"
      },
      "dependencies": {
        "regenerator-runtime": {
          "version": "0.11.1",
          "resolved": "https://repo.adeo.no/repository/npm-public/regenerator-runtime/-/regenerator-runtime-0.11.1.tgz",
          "integrity": "sha512-MguG95oij0fC3QV3URf4V2SDYGJhJnJGqvIIgdECeODCT98wSWDAJ94SSuVpYQUoTcGUIL6L4yNB7j1DFFHSBg=="
        }
      }
    },
    "classnames": {
      "version": "2.2.6",
      "resolved": "https://repo.adeo.no/repository/npm-public/classnames/-/classnames-2.2.6.tgz",
      "integrity": "sha512-JR/iSQOSt+LQIWwrwEzJ9uk0xfN3mTVYMwt1Ir5mUcSN6pU+V4zQFFaJsclJbPuAUQH+yfWef6tm7l1quW3C8Q=="
    },
    "core-js": {
      "version": "2.5.7",
      "resolved": "https://repo.adeo.no/repository/npm-public/core-js/-/core-js-2.5.7.tgz",
      "integrity": "sha512-RszJCAxg/PP6uzXVXL6BsxSXx/B05oJAQ2vkJRjyjrEcNVycaqOmNb5OTxZPE3xa5gwZduqza6L9JOCenh/Ecw=="
    },
    "js-tokens": {
      "version": "4.0.0",
      "resolved": "https://repo.adeo.no/repository/npm-public/js-tokens/-/js-tokens-4.0.0.tgz",
      "integrity": "sha512-RdJUflcE3cUzKiMqQgsCu06FPu9UdIJO0beYbPhHN4k6apgJtifcoCtT9bcxOpYBtpD2kCM6Sbzg4CausW/PKQ=="
    },
    "loose-envify": {
      "version": "1.4.0",
      "resolved": "https://repo.adeo.no/repository/npm-public/loose-envify/-/loose-envify-1.4.0.tgz",
      "integrity": "sha512-lyuxPGr/Wfhrlem2CL/UcnUc1zcqKAImBDzukY7Y5F/yQiNdko6+fRLevlw1HgMySw7f611UIY408EtxRSoK3Q==",
      "requires": {
        "js-tokens": "4.0.0"
      }
    },
    "nav-frontend-chevron-style": {
      "version": "0.3.4",
      "resolved": "https://repo.adeo.no/repository/npm-public/nav-frontend-chevron-style/-/nav-frontend-chevron-style-0.3.4.tgz",
      "integrity": "sha512-pAWxabxXujZhwgYUvkWyuuLEDbyYP52VmA0jeXicJT6vfxHewkycMIgP4TqPPrHtPyNx2SVEa+RPK+OiPMcRPw=="
    },
    "nav-frontend-core": {
      "version": "4.0.5",
      "resolved": "https://repo.adeo.no/repository/npm-public/nav-frontend-core/-/nav-frontend-core-4.0.5.tgz",
      "integrity": "sha1-MJyd5qUUbo6Ts/UtT8Qswwms3KE="
    },
    "nav-frontend-lenkepanel": {
      "version": "1.0.18",
      "resolved": "https://repo.adeo.no/repository/npm-public/nav-frontend-lenkepanel/-/nav-frontend-lenkepanel-1.0.18.tgz",
      "integrity": "sha512-KjiLColvR5rBfy9ROkWG1JdePCEA/L7TA5uyRGgNRx9DKuyG9NiHrLHXMuCrcyWCYWMdwV3sWgOA/iARy6jXfQ=="
    },
    "nav-frontend-lenkepanel-style": {
      "version": "0.3.19",
      "resolved": "https://repo.adeo.no/repository/npm-public/nav-frontend-lenkepanel-style/-/nav-frontend-lenkepanel-style-0.3.19.tgz",
      "integrity": "sha512-uSWdEqVuWcUoffBMY5JcBsnYvd63GDwrniIYMrdYHNnepzwx74yl8fHN1Abjwfe3m7e0I5MDpqFHJj7w8EfOBw=="
    },
    "nav-frontend-paneler-style": {
      "version": "0.3.11",
      "resolved": "https://repo.adeo.no/repository/npm-public/nav-frontend-paneler-style/-/nav-frontend-paneler-style-0.3.11.tgz",
      "integrity": "sha512-GXvUieEe2wTPRscnQyMOOumNEHv17+Uoc0wlL9qnVrGdbGMZNADwvPE39oX5y5ddEW69Zxu7knU6RK6yvY2Irg=="
    },
    "nav-frontend-typografi": {
      "version": "2.0.6",
      "resolved": "https://repo.adeo.no/repository/npm-public/nav-frontend-typografi/-/nav-frontend-typografi-2.0.6.tgz",
      "integrity": "sha512-xaPUqbcpi25Tpomw6TBXnj3Z+sSQetNTMtCQWeIdtHMU6kQxNnNRpmjL+uZqSo29e+aXRSVUquYLyZqcOUbYvA=="
    },
    "nav-frontend-typografi-style": {
      "version": "1.0.10",
      "resolved": "https://repo.adeo.no/repository/npm-public/nav-frontend-typografi-style/-/nav-frontend-typografi-style-1.0.10.tgz",
      "integrity": "sha512-A3QUFJmyHEATKfr1wnsHLcQu/haa3j07ILoBcX0EmqQgvF0ey7ipMjFKal8ckOSMYWJuzqK7nlTBdFPqZvE6Vw==",
      "requires": {
        "nav-frontend-core": "4.0.5"
      }
    },
    "object-assign": {
      "version": "4.1.1",
      "resolved": "https://repo.adeo.no/repository/npm-public/object-assign/-/object-assign-4.1.1.tgz",
      "integrity": "sha1-IQmtx5ZYh8/AXLvUQsrIv7s2CGM="
    },
    "prop-types": {
      "version": "15.6.2",
      "resolved": "https://repo.adeo.no/repository/npm-public/prop-types/-/prop-types-15.6.2.tgz",
      "integrity": "sha512-3pboPvLiWD7dkI3qf3KbUe6hKFKa52w+AE0VCqECtf+QHAKgOL37tTaNCnuX1nAAQ4ZhyP+kYVKf8rLmJ/feDQ==",
      "requires": {
        "loose-envify": "1.4.0",
        "object-assign": "4.1.1"
      }
    },
    "react": {
      "version": "16.6.3",
      "resolved": "https://repo.adeo.no/repository/npm-public/react/-/react-16.6.3.tgz",
      "integrity": "sha512-zCvmH2vbEolgKxtqXL2wmGCUxUyNheYn/C+PD1YAjfxHC54+MhdruyhO7QieQrYsYeTxrn93PM2y0jRH1zEExw==",
      "requires": {
        "loose-envify": "1.4.0",
        "object-assign": "4.1.1",
        "prop-types": "15.6.2",
        "scheduler": "0.11.2"
      }
    },
    "regenerator-runtime": {
      "version": "0.10.5",
      "resolved": "https://repo.adeo.no/repository/npm-public/regenerator-runtime/-/regenerator-runtime-0.10.5.tgz",
      "integrity": "sha1-M2w+/BIgrc7dosn6tntaeVWjNlg="
    },
    "scheduler": {
      "version": "0.11.2",
      "resolved": "https://repo.adeo.no/repository/npm-public/scheduler/-/scheduler-0.11.2.tgz",
      "integrity": "sha512-+WCP3s3wOaW4S7C1tl3TEXp4l9lJn0ZK8G3W3WKRWmw77Z2cIFUW2MiNTMHn5sCjxN+t7N43HAOOgMjyAg5hlg==",
      "requires": {
        "loose-envify": "1.4.0",
        "object-assign": "4.1.1"
      }
    }
  }
}
